
Microsoft Visual Studio Solution File, Format Version 12.00
# Visual Studio Version 16
VisualStudioVersion = 16.0.29609.76
MinimumVisualStudioVersion = 10.0.40219.1
Project("{FAE04EC0-301F-11D3-BF4B-00C04F79EFBC}") = "LanchesMac", "LanchesMac.csproj", "{1583673B-9D8A-47F5-8D3C-0753D231E79E}"
EndProject
Global
	GlobalSection(SolutionConfigurationPlatforms) = preSolution
		Debug|Any CPU = Debug|Any CPU
		Release|Any CPU = Release|Any CPU
	EndGlobalSection
	GlobalSection(ProjectConfigurationPlatforms) = postSolution
		{1583673B-9D8A-47F5-8D3C-0753D231E79E}.Debug|Any CPU.ActiveCfg = Debug|Any CPU
		{1583673B-9D8A-47F5-8D3C-0753D231E79E}.Debug|Any CPU.Build.0 = Debug|Any CPU
		{1583673B-9D8A-47F5-8D3C-0753D231E79E}.Release|Any CPU.ActiveCfg = Release|Any CPU
		{1583673B-9D8A-47F5-8D3C-0753D231E79E}.Release|Any CPU.Build.0 = Release|Any CPU
	EndGlobalSection
	GlobalSection(SolutionProperties) = preSolution
		HideSolutionNode = FALSE
	EndGlobalSection
	GlobalSection(ExtensibilityGlobals) = postSolution
		SolutionGuid = {D2AD609D-59D5-4D86-B2DD-825DEE79903A}
	EndGlobalSection
EndGlobal
